# generated by rye
# use `rye lock` or `rye sync` to update this lockfile
#
# last locked with the following flags:
#   pre: false
#   features: []
#   all-features: false
#   with-sources: false
#   generate-hashes: false
#   universal: false

-e file:.
annotated-types==0.7.0
    # via pydantic
anyio==4.6.2.post1
    # via starlette
argon2-cffi==23.1.0
    # via projectiii
argon2-cffi-bindings==21.2.0
    # via argon2-cffi
beautifulsoup4==4.12.3
    # via projectiii
certifi==2024.8.30
    # via requests
cffi==1.17.1
    # via argon2-cffi-bindings
charset-normalizer==3.4.0
    # via requests
datetime==5.5
    # via projectiii
ecdsa==0.19.0
    # via python-jose
fastapi==0.115.2
    # via projectiii
greenlet==3.1.1
    # via sqlalchemy
idna==3.10
    # via anyio
    # via requests
passlib==1.7.4
    # via projectiii
psycopg==3.2.3
    # via projectiii
pyasn1==0.6.1
    # via python-jose
    # via rsa
pycparser==2.22
    # via cffi
pydantic==2.9.2
    # via fastapi
pydantic-core==2.23.4
    # via pydantic
python-dotenv==1.0.1
    # via projectiii
python-jose==3.3.0
    # via projectiii
pytz==2024.2
    # via datetime
requests==2.32.3
    # via projectiii
rsa==4.9
    # via python-jose
setuptools==75.2.0
    # via zope-interface
six==1.16.0
    # via ecdsa
sniffio==1.3.1
    # via anyio
soupsieve==2.6
    # via beautifulsoup4
sqlalchemy==2.0.36
    # via projectiii
starlette==0.40.0
    # via fastapi
typing-extensions==4.12.2
    # via fastapi
    # via psycopg
    # via pydantic
    # via pydantic-core
    # via sqlalchemy
urllib3==2.2.3
    # via requests
zope-interface==7.1.0
    # via datetime
